
Microsoft Visual Studio Solution File, Format Version 12.00
# Visual Studio Version 17
VisualStudioVersion = 17.5.002.0
MinimumVisualStudioVersion = 10.0.40219.1
Project("{9A19103F-16F7-4668-BE54-9A1E7A4F7556}") = "exemple001", "exemple001.csproj", "{E90B1CD1-3046-4A32-817B-85D396342A1B}"
EndProject
Global
	GlobalSection(SolutionConfigurationPlatforms) = preSolution
		Debug|Any CPU = Debug|Any CPU
		Release|Any CPU = Release|Any CPU
	EndGlobalSection
	GlobalSection(ProjectConfigurationPlatforms) = postSolution
		{E90B1CD1-3046-4A32-817B-85D396342A1B}.Debug|Any CPU.ActiveCfg = Debug|Any CPU
		{E90B1CD1-3046-4A32-817B-85D396342A1B}.Debug|Any CPU.Build.0 = Debug|Any CPU
		{E90B1CD1-3046-4A32-817B-85D396342A1B}.Release|Any CPU.ActiveCfg = Release|Any CPU
		{E90B1CD1-3046-4A32-817B-85D396342A1B}.Release|Any CPU.Build.0 = Release|Any CPU
	EndGlobalSection
	GlobalSection(SolutionProperties) = preSolution
		HideSolutionNode = FALSE
	EndGlobalSection
	GlobalSection(ExtensibilityGlobals) = postSolution
		SolutionGuid = {68AF38C2-0018-4237-A8BB-C09C89FF564C}
	EndGlobalSection
EndGlobal
